
Microsoft Visual Studio Solution File, Format Version 12.00
# Visual Studio Version 17
VisualStudioVersion = 17.9.34728.123
MinimumVisualStudioVersion = 10.0.40219.1
Project("{FAE04EC0-301F-11D3-BF4B-00C04F79EFBC}") = "FacultySystemApp", "FacultySystemApp\FacultySystemApp.csproj", "{51636711-CCB9-440F-B4BD-D96B0B06DA1F}"
EndProject
Global
	GlobalSection(SolutionConfigurationPlatforms) = preSolution
		Debug|Any CPU = Debug|Any CPU
		Release|Any CPU = Release|Any CPU
	EndGlobalSection
	GlobalSection(ProjectConfigurationPlatforms) = postSolution
		{51636711-CCB9-440F-B4BD-D96B0B06DA1F}.Debug|Any CPU.ActiveCfg = Debug|Any CPU
		{51636711-CCB9-440F-B4BD-D96B0B06DA1F}.Debug|Any CPU.Build.0 = Debug|Any CPU
		{51636711-CCB9-440F-B4BD-D96B0B06DA1F}.Release|Any CPU.ActiveCfg = Release|Any CPU
		{51636711-CCB9-440F-B4BD-D96B0B06DA1F}.Release|Any CPU.Build.0 = Release|Any CPU
	EndGlobalSection
	GlobalSection(SolutionProperties) = preSolution
		HideSolutionNode = FALSE
	EndGlobalSection
	GlobalSection(ExtensibilityGlobals) = postSolution
		SolutionGuid = {CECCEB0F-DB22-41B0-B870-2AACEC8AD345}
	EndGlobalSection
EndGlobal
